
Microsoft Visual Studio Solution File, Format Version 12.00
# Visual Studio Version 17
VisualStudioVersion = 17.4.33205.214
MinimumVisualStudioVersion = 10.0.40219.1
Project("{FAE04EC0-301F-11D3-BF4B-00C04F79EFBC}") = "ClinicaVeterinariaApp", "ClinicaVeterinariaApp\ClinicaVeterinariaApp.csproj", "{FCC3FA84-3952-4945-835F-A81768CA5EDC}"
EndProject
Global
	GlobalSection(SolutionConfigurationPlatforms) = preSolution
		Debug|Any CPU = Debug|Any CPU
		Release|Any CPU = Release|Any CPU
	EndGlobalSection
	GlobalSection(ProjectConfigurationPlatforms) = postSolution
		{FCC3FA84-3952-4945-835F-A81768CA5EDC}.Debug|Any CPU.ActiveCfg = Debug|Any CPU
		{FCC3FA84-3952-4945-835F-A81768CA5EDC}.Debug|Any CPU.Build.0 = Debug|Any CPU
		{FCC3FA84-3952-4945-835F-A81768CA5EDC}.Release|Any CPU.ActiveCfg = Release|Any CPU
		{FCC3FA84-3952-4945-835F-A81768CA5EDC}.Release|Any CPU.Build.0 = Release|Any CPU
	EndGlobalSection
	GlobalSection(SolutionProperties) = preSolution
		HideSolutionNode = FALSE
	EndGlobalSection
	GlobalSection(ExtensibilityGlobals) = postSolution
		SolutionGuid = {88738027-D245-42B5-89A2-7651CFE560C8}
	EndGlobalSection
EndGlobal
